
Microsoft Visual Studio Solution File, Format Version 12.00
# Visual Studio Version 17
VisualStudioVersion = 17.2.32526.322
MinimumVisualStudioVersion = 10.0.40219.1
Project("{FAE04EC0-301F-11D3-BF4B-00C04F79EFBC}") = "Framework", "Framework\Framework.csproj", "{7D3CF7E4-BF8D-4EEB-BF4D-5F371A0A2B72}"
EndProject
Project("{FAE04EC0-301F-11D3-BF4B-00C04F79EFBC}") = "Consumer", "Consumer\Consumer.csproj", "{C3B3453E-923B-4896-A1CA-8696FAD53F47}"
EndProject
Global
	GlobalSection(SolutionConfigurationPlatforms) = preSolution
		Debug|Any CPU = Debug|Any CPU
		Release|Any CPU = Release|Any CPU
	EndGlobalSection
	GlobalSection(ProjectConfigurationPlatforms) = postSolution
		{7D3CF7E4-BF8D-4EEB-BF4D-5F371A0A2B72}.Debug|Any CPU.ActiveCfg = Debug|Any CPU
		{7D3CF7E4-BF8D-4EEB-BF4D-5F371A0A2B72}.Debug|Any CPU.Build.0 = Debug|Any CPU
		{7D3CF7E4-BF8D-4EEB-BF4D-5F371A0A2B72}.Release|Any CPU.ActiveCfg = Release|Any CPU
		{7D3CF7E4-BF8D-4EEB-BF4D-5F371A0A2B72}.Release|Any CPU.Build.0 = Release|Any CPU
		{C3B3453E-923B-4896-A1CA-8696FAD53F47}.Debug|Any CPU.ActiveCfg = Debug|Any CPU
		{C3B3453E-923B-4896-A1CA-8696FAD53F47}.Debug|Any CPU.Build.0 = Debug|Any CPU
		{C3B3453E-923B-4896-A1CA-8696FAD53F47}.Release|Any CPU.ActiveCfg = Release|Any CPU
		{C3B3453E-923B-4896-A1CA-8696FAD53F47}.Release|Any CPU.Build.0 = Release|Any CPU
	EndGlobalSection
	GlobalSection(SolutionProperties) = preSolution
		HideSolutionNode = FALSE
	EndGlobalSection
	GlobalSection(ExtensibilityGlobals) = postSolution
		SolutionGuid = {4B817AAD-1186-4079-92E3-9E8055862A1F}
	EndGlobalSection
EndGlobal
